
Microsoft Visual Studio Solution File, Format Version 12.00
# Visual Studio 15
VisualStudioVersion = 15.0.28010.2016
MinimumVisualStudioVersion = 10.0.40219.1
Project("{FAE04EC0-301F-11D3-BF4B-00C04F79EFBC}") = "InheritanceExample", "InheritanceExample\InheritanceExample.csproj", "{6913AF14-98BA-4924-A3DD-6C398A1AAA03}"
EndProject
Global
	GlobalSection(SolutionConfigurationPlatforms) = preSolution
		Debug|Any CPU = Debug|Any CPU
		Release|Any CPU = Release|Any CPU
	EndGlobalSection
	GlobalSection(ProjectConfigurationPlatforms) = postSolution
		{6913AF14-98BA-4924-A3DD-6C398A1AAA03}.Debug|Any CPU.ActiveCfg = Debug|Any CPU
		{6913AF14-98BA-4924-A3DD-6C398A1AAA03}.Debug|Any CPU.Build.0 = Debug|Any CPU
		{6913AF14-98BA-4924-A3DD-6C398A1AAA03}.Release|Any CPU.ActiveCfg = Release|Any CPU
		{6913AF14-98BA-4924-A3DD-6C398A1AAA03}.Release|Any CPU.Build.0 = Release|Any CPU
	EndGlobalSection
	GlobalSection(SolutionProperties) = preSolution
		HideSolutionNode = FALSE
	EndGlobalSection
	GlobalSection(ExtensibilityGlobals) = postSolution
		SolutionGuid = {486D78AC-619D-4C27-888E-E0FE14C003C9}
	EndGlobalSection
EndGlobal
