
Microsoft Visual Studio Solution File, Format Version 12.00
# Visual Studio 15
VisualStudioVersion = 15.0.28010.2016
MinimumVisualStudioVersion = 10.0.40219.1
Project("{FAE04EC0-301F-11D3-BF4B-00C04F79EFBC}") = "PracticeArea", "PracticeArea\PracticeArea.csproj", "{1AA4C6FC-5421-45E8-B563-09E90800850B}"
EndProject
Global
	GlobalSection(SolutionConfigurationPlatforms) = preSolution
		Debug|Any CPU = Debug|Any CPU
		Release|Any CPU = Release|Any CPU
	EndGlobalSection
	GlobalSection(ProjectConfigurationPlatforms) = postSolution
		{1AA4C6FC-5421-45E8-B563-09E90800850B}.Debug|Any CPU.ActiveCfg = Debug|Any CPU
		{1AA4C6FC-5421-45E8-B563-09E90800850B}.Debug|Any CPU.Build.0 = Debug|Any CPU
		{1AA4C6FC-5421-45E8-B563-09E90800850B}.Release|Any CPU.ActiveCfg = Release|Any CPU
		{1AA4C6FC-5421-45E8-B563-09E90800850B}.Release|Any CPU.Build.0 = Release|Any CPU
	EndGlobalSection
	GlobalSection(SolutionProperties) = preSolution
		HideSolutionNode = FALSE
	EndGlobalSection
	GlobalSection(ExtensibilityGlobals) = postSolution
		SolutionGuid = {C2937389-B3F8-4B23-8DE4-BE8AA664D7A2}
	EndGlobalSection
EndGlobal
